
Microsoft Visual Studio Solution File, Format Version 12.00
# Visual Studio 15
VisualStudioVersion = 15.0.28010.2048
MinimumVisualStudioVersion = 10.0.40219.1
Project("{FAE04EC0-301F-11D3-BF4B-00C04F79EFBC}") = "Clustering", "Clustering\Clustering.csproj", "{96C4D4F1-6359-420A-ADC8-620B385C0C20}"
EndProject
Global
	GlobalSection(SolutionConfigurationPlatforms) = preSolution
		Debug|Any CPU = Debug|Any CPU
		Release|Any CPU = Release|Any CPU
	EndGlobalSection
	GlobalSection(ProjectConfigurationPlatforms) = postSolution
		{96C4D4F1-6359-420A-ADC8-620B385C0C20}.Debug|Any CPU.ActiveCfg = Debug|Any CPU
		{96C4D4F1-6359-420A-ADC8-620B385C0C20}.Debug|Any CPU.Build.0 = Debug|Any CPU
		{96C4D4F1-6359-420A-ADC8-620B385C0C20}.Release|Any CPU.ActiveCfg = Release|Any CPU
		{96C4D4F1-6359-420A-ADC8-620B385C0C20}.Release|Any CPU.Build.0 = Release|Any CPU
	EndGlobalSection
	GlobalSection(SolutionProperties) = preSolution
		HideSolutionNode = FALSE
	EndGlobalSection
	GlobalSection(ExtensibilityGlobals) = postSolution
		SolutionGuid = {24B86C0A-A1BC-43A3-ADA5-6BC95F648276}
	EndGlobalSection
EndGlobal
